
Microsoft Visual Studio Solution File, Format Version 12.00
# Visual Studio Version 17
VisualStudioVersion = 17.8.34525.116
MinimumVisualStudioVersion = 10.0.40219.1
Project("{FAE04EC0-301F-11D3-BF4B-00C04F79EFBC}") = "AntiReality", "AntiReality.csproj", "{09253F3E-44DB-403B-AE9F-C9E3328E1142}"
EndProject
Global
	GlobalSection(SolutionConfigurationPlatforms) = preSolution
		Debug|Any CPU = Debug|Any CPU
		Release|Any CPU = Release|Any CPU
	EndGlobalSection
	GlobalSection(ProjectConfigurationPlatforms) = postSolution
		{09253F3E-44DB-403B-AE9F-C9E3328E1142}.Debug|Any CPU.ActiveCfg = Debug|Any CPU
		{09253F3E-44DB-403B-AE9F-C9E3328E1142}.Debug|Any CPU.Build.0 = Debug|Any CPU
		{09253F3E-44DB-403B-AE9F-C9E3328E1142}.Release|Any CPU.ActiveCfg = Release|Any CPU
		{09253F3E-44DB-403B-AE9F-C9E3328E1142}.Release|Any CPU.Build.0 = Release|Any CPU
	EndGlobalSection
	GlobalSection(SolutionProperties) = preSolution
		HideSolutionNode = FALSE
	EndGlobalSection
	GlobalSection(ExtensibilityGlobals) = postSolution
		SolutionGuid = {50EF9F85-B1D8-4921-B691-54F668EBB82B}
	EndGlobalSection
EndGlobal
